// !$*UTF8*$!
{
	archiveVersion = 1;
	classes = {
	};
	objectVersion = 77;
	objects = {

/* Begin PBXBuildFile section */
		1BFB769530088AFD00E24BB7 /* Onboarding Welcome.swift in Sources */ = {isa = PBXBuildFile; fileRef = 1BFB769430088AFD00E24BB7 /* Onboarding Welcome.swift */; };
		1BFB76A53009CDCE00E24BB7 /* EncryptedView.swift in Sources */ = {isa = PBXBuildFile; fileRef = 1BFB76A23009CDCE00E24BB7 /* EncryptedView.swift */; };
		1BFB76A63009CDCE00E24BB7 /* IntroView.swift in Sources */ = {isa = PBXBuildFile; fileRef = 1BFB76A33009CDCE00E24BB7 /* IntroView.swift */; };
		1BFB76A73009CDCE00E24BB7 /* PrivacyFirst.swift in Sources */ = {isa = PBXBuildFile; fileRef = 1BFB76A43009CDCE00E24BB7 /* PrivacyFirst.swift */; };
		1BFB76AC300D9BB200E24BB7 /* Intro1.swift in Sources */ = {isa = PBXBuildFile; fileRef = 1BFB76A8300D9BB200E24BB7 /* Intro1.swift */; };
		1BFB76AD300D9BB200E24BB7 /* Intro2.swift in Sources */ = {isa = PBXBuildFile; fileRef = 1BFB76A9300D9BB200E24BB7 /* Intro2.swift */; };
		1BFB76AE300D9BB200E24BB7 /* Login.swift in Sources */ = {isa = PBXBuildFile; fileRef = 1BFB76AA300D9BB200E24BB7 /* Login.swift */; };
		1BFB76AF300D9BB200E24BB7 /* WelcomePage.swift in Sources */ = {isa = PBXBuildFile; fileRef = 1BFB76AB300D9BB200E24BB7 /* WelcomePage.swift */; };
		1BFB76B4300DA7DD00E24BB7 /* FirebaseAI in Frameworks */ = {isa = PBXBuildFile; productRef = 1BFB76B3300DA7DD00E24BB7 /* FirebaseAI */; };
		1BFB76B6300DA7DD00E24BB7 /* FirebaseAuth in Frameworks */ = {isa = PBXBuildFile; productRef = 1BFB76B5300DA7DD00E24BB7 /* FirebaseAuth */; };
		1BFB76B8300DA7DD00E24BB7 /* FirebaseCore in Frameworks */ = {isa = PBXBuildFile; productRef = 1BFB76B7300DA7DD00E24BB7 /* FirebaseCore */; };
		1BFB76BA300DA7DD00E24BB7 /* FirebaseFirestore in Frameworks */ = {isa = PBXBuildFile; productRef = 1BFB76B9300DA7DD00E24BB7 /* FirebaseFirestore */; };
		1BFB76BC300DA7DD00E24BB7 /* FirebaseFunctions in Frameworks */ = {isa = PBXBuildFile; productRef = 1BFB76BB300DA7DD00E24BB7 /* FirebaseFunctions */; };
		1BFB76C5300DADBD00E24BB7 /* CheckInputView.swift in Sources */ = {isa = PBXBuildFile; fileRef = 1BFB76C4300DADB000E24BB7 /* CheckInputView.swift */; };
		1BFB76C6300DAE4400E24BB7 /* GeminiService.swift in Sources */ = {isa = PBXBuildFile; fileRef = 1BFB76C3300DAD7E00E24BB7 /* GeminiService.swift */; };
		1BFB76C7300DAE5900E24BB7 /* FirestoreService.swift in Sources */ = {isa = PBXBuildFile; fileRef = 1BFB76C2300DAC8D00E24BB7 /* FirestoreService.swift */; };
		1BFB76C8300DAE6000E24BB7 /* AuthService.swift in Sources */ = {isa = PBXBuildFile; fileRef = 1BFB76C1300DAC5F00E24BB7 /* AuthService.swift */; };
		1BFB76C9300DAE6500E24BB7 /* ScanResult.swift in Sources */ = {isa = PBXBuildFile; fileRef = 1BFB76BF300DABBC00E24BB7 /* ScanResult.swift */; };
		1BFB76CA300DAE6B00E24BB7 /* UserProfile.swift in Sources */ = {isa = PBXBuildFile; fileRef = 1BFB76C0300DAC0100E24BB7 /* UserProfile.swift */; };
		8A0EDF46300DB6BE009FF75C /* SignUp.swift in Sources */ = {isa = PBXBuildFile; fileRef = 8A0EDF45300DB6AD009FF75C /* SignUp.swift */; };
/* End PBXBuildFile section */

/* Begin PBXFileReference section */
		1BFB767C30086A1B00E24BB7 /* Welleva.app */ = {isa = PBXFileReference; explicitFileType = wrapper.application; includeInIndex = 0; path = Welleva.app; sourceTree = BUILT_PRODUCTS_DIR; };
		1BFB769430088AFD00E24BB7 /* Onboarding Welcome.swift */ = {isa = PBXFileReference; lastKnownFileType = sourcecode.swift; path = "Onboarding Welcome.swift"; sourceTree = "<group>"; };
		1BFB76A23009CDCE00E24BB7 /* EncryptedView.swift */ = {isa = PBXFileReference; lastKnownFileType = sourcecode.swift; path = EncryptedView.swift; sourceTree = "<group>"; };
		1BFB76A33009CDCE00E24BB7 /* IntroView.swift */ = {isa = PBXFileReference; lastKnownFileType = sourcecode.swift; path = IntroView.swift; sourceTree = "<group>"; };
		1BFB76A43009CDCE00E24BB7 /* PrivacyFirst.swift */ = {isa = PBXFileReference; lastKnownFileType = sourcecode.swift; path = PrivacyFirst.swift; sourceTree = "<group>"; };
		1BFB76A8300D9BB200E24BB7 /* Intro1.swift */ = {isa = PBXFileReference; lastKnownFileType = sourcecode.swift; path = Intro1.swift; sourceTree = "<group>"; };
		1BFB76A9300D9BB200E24BB7 /* Intro2.swift */ = {isa = PBXFileReference; lastKnownFileType = sourcecode.swift; path = Intro2.swift; sourceTree = "<group>"; };
		1BFB76AA300D9BB200E24BB7 /* Login.swift */ = {isa = PBXFileReference; lastKnownFileType = sourcecode.swift; path = Login.swift; sourceTree = "<group>"; };
		1BFB76AB300D9BB200E24BB7 /* WelcomePage.swift */ = {isa = PBXFileReference; lastKnownFileType = sourcecode.swift; path = WelcomePage.swift; sourceTree = "<group>"; };
		1BFB76BF300DABBC00E24BB7 /* ScanResult.swift */ = {isa = PBXFileReference; lastKnownFileType = sourcecode.swift; path = ScanResult.swift; sourceTree = "<group>"; };
		1BFB76C0300DAC0100E24BB7 /* UserProfile.swift */ = {isa = PBXFileReference; lastKnownFileType = sourcecode.swift; path = UserProfile.swift; sourceTree = "<group>"; };
		1BFB76C1300DAC5F00E24BB7 /* AuthService.swift */ = {isa = PBXFileReference; lastKnownFileType = sourcecode.swift; path = AuthService.swift; sourceTree = "<group>"; };
		1BFB76C2300DAC8D00E24BB7 /* FirestoreService.swift */ = {isa = PBXFileReference; lastKnownFileType = sourcecode.swift; path = FirestoreService.swift; sourceTree = "<group>"; };
		1BFB76C3300DAD7E00E24BB7 /* GeminiService.swift */ = {isa = PBXFileReference; lastKnownFileType = sourcecode.swift; path = GeminiService.swift; sourceTree = "<group>"; };
		1BFB76C4300DADB000E24BB7 /* CheckInputView.swift */ = {isa = PBXFileReference; lastKnownFileType = sourcecode.swift; path = CheckInputView.swift; sourceTree = "<group>"; };
		8A0EDF45300DB6AD009FF75C /* SignUp.swift */ = {isa = PBXFileReference; lastKnownFileType = sourcecode.swift; path = SignUp.swift; sourceTree = "<group>"; };
/* End PBXFileReference section */

/* Begin PBXFileSystemSynchronizedRootGroup section */
		1BFB767E30086A1B00E24BB7 /* Welleva */ = {
			isa = PBXFileSystemSynchronizedRootGroup;
			path = Welleva;
			sourceTree = "<group>";
		};
/* End PBXFileSystemSynchronizedRootGroup section */

/* Begin PBXFrameworksBuildPhase section */
		1BFB767930086A1B00E24BB7 /* Frameworks */ = {
			isa = PBXFrameworksBuildPhase;
			buildActionMask = 2147483647;
			files = (
				1BFB76B4300DA7DD00E24BB7 /* FirebaseAI in Frameworks */,
				1BFB76BA300DA7DD00E24BB7 /* FirebaseFirestore in Frameworks */,
				1BFB76BC300DA7DD00E24BB7 /* FirebaseFunctions in Frameworks */,
				1BFB76B8300DA7DD00E24BB7 /* FirebaseCore in Frameworks */,
				1BFB76B6300DA7DD00E24BB7 /* FirebaseAuth in Frameworks */,
			);
			runOnlyForDeploymentPostprocessing = 0;
		};
/* End PBXFrameworksBuildPhase section */

/* Begin PBXGroup section */
		1BFB767330086A1B00E24BB7 = {
			isa = PBXGroup;
			children = (
				1BFB76BE300DABAE00E24BB7 /* Services */,
				1BFB76BD300DABA100E24BB7 /* Models */,
				1BFB769330088AC300E24BB7 /* Views */,
				1BFB767D30086A1B00E24BB7 /* Products */,
			);
			sourceTree = "<group>";
		};
		1BFB767D30086A1B00E24BB7 /* Products */ = {
			isa = PBXGroup;
			children = (
				1BFB767C30086A1B00E24BB7 /* Welleva.app */,
			);
			name = Products;
			sourceTree = "<group>";
		};
		1BFB769330088AC300E24BB7 /* Views */ = {
			isa = PBXGroup;
			children = (
				1BFB76AB300D9BB200E24BB7 /* WelcomePage.swift */,
				1BFB769430088AFD00E24BB7 /* Onboarding Welcome.swift */,
				1BFB76A8300D9BB200E24BB7 /* Intro1.swift */,
				1BFB76A9300D9BB200E24BB7 /* Intro2.swift */,
				1BFB76A33009CDCE00E24BB7 /* IntroView.swift */,
				1BFB76AA300D9BB200E24BB7 /* Login.swift */,
				1BFB76A43009CDCE00E24BB7 /* PrivacyFirst.swift */,
				8A0EDF45300DB6AD009FF75C /* SignUp.swift */,
				1BFB76A23009CDCE00E24BB7 /* EncryptedView.swift */,
				1BFB76C4300DADB000E24BB7 /* CheckInputView.swift */,
				1BFB767E30086A1B00E24BB7 /* Welleva */,
			);
			path = Views;
			sourceTree = "<group>";
		};
		1BFB76BD300DABA100E24BB7 /* Models */ = {
			isa = PBXGroup;
			children = (
				1BFB76C0300DAC0100E24BB7 /* UserProfile.swift */,
				1BFB76BF300DABBC00E24BB7 /* ScanResult.swift */,
			);
			path = Models;
			sourceTree = "<group>";
		};
		1BFB76BE300DABAE00E24BB7 /* Services */ = {
			isa = PBXGroup;
			children = (
				1BFB76C3300DAD7E00E24BB7 /* GeminiService.swift */,
				1BFB76C2300DAC8D00E24BB7 /* FirestoreService.swift */,
				1BFB76C1300DAC5F00E24BB7 /* AuthService.swift */,
			);
			path = Services;
			sourceTree = "<group>";
		};
/* End PBXGroup section */

/* Begin PBXNativeTarget section */
		1BFB767B30086A1B00E24BB7 /* Welleva */ = {
			isa = PBXNativeTarget;
			buildConfigurationList = 1BFB768730086A1C00E24BB7 /* Build configuration list for PBXNativeTarget "Welleva" */;
			buildPhases = (
				1BFB767830086A1B00E24BB7 /* Sources */,
				1BFB767930086A1B00E24BB7 /* Frameworks */,
				1BFB767A30086A1B00E24BB7 /* Resources */,
			);
			buildRules = (
			);
			dependencies = (
			);
			fileSystemSynchronizedGroups = (
				1BFB767E30086A1B00E24BB7 /* Welleva */,
			);
			name = Welleva;
			packageProductDependencies = (
				1BFB76B3300DA7DD00E24BB7 /* FirebaseAI */,
				1BFB76B5300DA7DD00E24BB7 /* FirebaseAuth */,
				1BFB76B7300DA7DD00E24BB7 /* FirebaseCore */,
				1BFB76B9300DA7DD00E24BB7 /* FirebaseFirestore */,
				1BFB76BB300DA7DD00E24BB7 /* FirebaseFunctions */,
			);
			productName = Welleva;
			productReference = 1BFB767C30086A1B00E24BB7 /* Welleva.app */;
			productType = "com.apple.product-type.application";
		};
/* End PBXNativeTarget section */

/* Begin PBXProject section */
		1BFB767430086A1B00E24BB7 /* Project object */ = {
			isa = PBXProject;
			attributes = {
				BuildIndependentTargetsInParallel = 1;
				LastSwiftUpdateCheck = 2660;
				LastUpgradeCheck = 2660;
				TargetAttributes = {
					1BFB767B30086A1B00E24BB7 = {
						CreatedOnToolsVersion = 26.6;
					};
				};
			};
			buildConfigurationList = 1BFB767730086A1B00E24BB7 /* Build configuration list for PBXProject "Welleva" */;
			developmentRegion = en;
			hasScannedForEncodings = 0;
			knownRegions = (
				en,
				Base,
			);
			mainGroup = 1BFB767330086A1B00E24BB7;
			minimizedProjectReferenceProxies = 1;
			packageReferences = (
				1BFB76B2300DA7DD00E24BB7 /* XCRemoteSwiftPackageReference "firebase-ios-sdk" */,
			);
			preferredProjectObjectVersion = 77;
			productRefGroup = 1BFB767D30086A1B00E24BB7 /* Products */;
			projectDirPath = "";
			projectRoot = "";
			targets = (
				1BFB767B30086A1B00E24BB7 /* Welleva */,
			);
		};
/* End PBXProject section */

/* Begin PBXResourcesBuildPhase section */
		1BFB767A30086A1B00E24BB7 /* Resources */ = {
			isa = PBXResourcesBuildPhase;
			buildActionMask = 2147483647;
			files = (
			);
			runOnlyForDeploymentPostprocessing = 0;
		};
/* End PBXResourcesBuildPhase section */

/* Begin PBXSourcesBuildPhase section */
		1BFB767830086A1B00E24BB7 /* Sources */ = {
			isa = PBXSourcesBuildPhase;
			buildActionMask = 2147483647;
			files = (
				1BFB76C5300DADBD00E24BB7 /* CheckInputView.swift in Sources */,
				1BFB76C7300DAE5900E24BB7 /* FirestoreService.swift in Sources */,
				1BFB76AC300D9BB200E24BB7 /* Intro1.swift in Sources */,
				1BFB76C9300DAE6500E24BB7 /* ScanResult.swift in Sources */,
				1BFB76C6300DAE4400E24BB7 /* GeminiService.swift in Sources */,
				1BFB76AD300D9BB200E24BB7 /* Intro2.swift in Sources */,
				1BFB76AE300D9BB200E24BB7 /* Login.swift in Sources */,
				1BFB76AF300D9BB200E24BB7 /* WelcomePage.swift in Sources */,
				1BFB769530088AFD00E24BB7 /* Onboarding Welcome.swift in Sources */,
				1BFB76A53009CDCE00E24BB7 /* EncryptedView.swift in Sources */,
				1BFB76CA300DAE6B00E24BB7 /* UserProfile.swift in Sources */,
				1BFB76A63009CDCE00E24BB7 /* IntroView.swift in Sources */,
				1BFB76A73009CDCE00E24BB7 /* PrivacyFirst.swift in Sources */,
				1BFB76C8300DAE6000E24BB7 /* AuthService.swift in Sources */,
				8A0EDF46300DB6BE009FF75C /* SignUp.swift in Sources */,
			);
			runOnlyForDeploymentPostprocessing = 0;
		};
/* End PBXSourcesBuildPhase section */

/* Begin XCBuildConfiguration section */
		1BFB768530086A1C00E24BB7 /* Debug */ = {
			isa = XCBuildConfiguration;
			buildSettings = {
				ALWAYS_SEARCH_USER_PATHS = NO;
				ASSETCATALOG_COMPILER_GENERATE_SWIFT_ASSET_SYMBOL_EXTENSIONS = YES;
				CLANG_ANALYZER_NONNULL = YES;
				CLANG_ANALYZER_NUMBER_OBJECT_CONVERSION = YES_AGGRESSIVE;
				CLANG_CXX_LANGUAGE_STANDARD = "gnu++20";
				CLANG_ENABLE_MODULES = YES;
				CLANG_ENABLE_OBJC_ARC = YES;
				CLANG_ENABLE_OBJC_WEAK = YES;
				CLANG_WARN_BLOCK_CAPTURE_AUTORELEASING = YES;
				CLANG_WARN_BOOL_CONVERSION = YES;
				CLANG_WARN_COMMA = YES;
				CLANG_WARN_CONSTANT_CONVERSION = YES;
				CLANG_WARN_DEPRECATED_OBJC_IMPLEMENTATIONS = YES;
				CLANG_WARN_DIRECT_OBJC_ISA_USAGE = YES_ERROR;
				CLANG_WARN_DOCUMENTATION_COMMENTS = YES;
				CLANG_WARN_EMPTY_BODY = YES;
				CLANG_WARN_ENUM_CONVERSION = YES;
				CLANG_WARN_INFINITE_RECURSION = YES;
				CLANG_WARN_INT_CONVERSION = YES;
				CLANG_WARN_NON_LITERAL_NULL_CONVERSION = YES;
				CLANG_WARN_OBJC_IMPLICIT_RETAIN_SELF = YES;
				CLANG_WARN_OBJC_LITERAL_CONVERSION = YES;
				CLANG_WARN_OBJC_ROOT_CLASS = YES_ERROR;
				CLANG_WARN_QUOTED_INCLUDE_IN_FRAMEWORK_HEADER = YES;
				CLANG_WARN_RANGE_LOOP_ANALYSIS = YES;
				CLANG_WARN_STRICT_PROTOTYPES = YES;
				CLANG_WARN_SUSPICIOUS_MOVE = YES;
				CLANG_WARN_UNGUARDED_AVAILABILITY = YES_AGGRESSIVE;
				CLANG_WARN_UNREACHABLE_CODE = YES;
				CLANG_WARN__DUPLICATE_METHOD_MATCH = YES;
				COPY_PHASE_STRIP = NO;
				DEBUG_INFORMATION_FORMAT = dwarf;
				ENABLE_STRICT_OBJC_MSGSEND = YES;
				ENABLE_TESTABILITY = YES;
				ENABLE_USER_SCRIPT_SANDBOXING = YES;
				GCC_C_LANGUAGE_STANDARD = gnu17;
				GCC_DYNAMIC_NO_PIC = NO;
				GCC_NO_COMMON_BLOCKS = YES;
				GCC_OPTIMIZATION_LEVEL = 0;
				GCC_PREPROCESSOR_DEFINITIONS = (
					"DEBUG=1",
					"$(inherited)",
				);
				GCC_WARN_64_TO_32_BIT_CONVERSION = YES;
				GCC_WARN_ABOUT_RETURN_TYPE = YES_ERROR;
				GCC_WARN_UNDECLARED_SELECTOR = YES;
				GCC_WARN_UNINITIALIZED_AUTOS = YES_AGGRESSIVE;
				GCC_WARN_UNUSED_FUNCTION = YES;
				GCC_WARN_UNUSED_VARIABLE = YES;
				IPHONEOS_DEPLOYMENT_TARGET = 26.5;
				LOCALIZATION_PREFERS_STRING_CATALOGS = YES;
				MTL_ENABLE_DEBUG_INFO = INCLUDE_SOURCE;
				MTL_FAST_MATH = YES;
				ONLY_ACTIVE_ARCH = YES;
				SDKROOT = iphoneos;
				SWIFT_ACTIVE_COMPILATION_CONDITIONS = "DEBUG $(inherited)";
				SWIFT_OPTIMIZATION_LEVEL = "-Onone";
			};
			name = Debug;
		};
		1BFB768630086A1C00E24BB7 /* Release */ = {
			isa = XCBuildConfiguration;
			buildSettings = {
				ALWAYS_SEARCH_USER_PATHS = NO;
				ASSETCATALOG_COMPILER_GENERATE_SWIFT_ASSET_SYMBOL_EXTENSIONS = YES;
				CLANG_ANALYZER_NONNULL = YES;
				CLANG_ANALYZER_NUMBER_OBJECT_CONVERSION = YES_AGGRESSIVE;
				CLANG_CXX_LANGUAGE_STANDARD = "gnu++20";
				CLANG_ENABLE_MODULES = YES;
				CLANG_ENABLE_OBJC_ARC = YES;
				CLANG_ENABLE_OBJC_WEAK = YES;
				CLANG_WARN_BLOCK_CAPTURE_AUTORELEASING = YES;
				CLANG_WARN_BOOL_CONVERSION = YES;
				CLANG_WARN_COMMA = YES;
				CLANG_WARN_CONSTANT_CONVERSION = YES;
				CLANG_WARN_DEPRECATED_OBJC_IMPLEMENTATIONS = YES;
				CLANG_WARN_DIRECT_OBJC_ISA_USAGE = YES_ERROR;
				CLANG_WARN_DOCUMENTATION_COMMENTS = YES;
				CLANG_WARN_EMPTY_BODY = YES;
				CLANG_WARN_ENUM_CONVERSION = YES;
				CLANG_WARN_INFINITE_RECURSION = YES;
				CLANG_WARN_INT_CONVERSION = YES;
				CLANG_WARN_NON_LITERAL_NULL_CONVERSION = YES;
				CLANG_WARN_OBJC_IMPLICIT_RETAIN_SELF = YES;
				CLANG_WARN_OBJC_LITERAL_CONVERSION = YES;
				CLANG_WARN_OBJC_ROOT_CLASS = YES_ERROR;
				CLANG_WARN_QUOTED_INCLUDE_IN_FRAMEWORK_HEADER = YES;
				CLANG_WARN_RANGE_LOOP_ANALYSIS = YES;
				CLANG_WARN_STRICT_PROTOTYPES = YES;
				CLANG_WARN_SUSPICIOUS_MOVE = YES;
				CLANG_WARN_UNGUARDED_AVAILABILITY = YES_AGGRESSIVE;
				CLANG_WARN_UNREACHABLE_CODE = YES;
				CLANG_WARN__DUPLICATE_METHOD_MATCH = YES;
				COPY_PHASE_STRIP = NO;
				DEBUG_INFORMATION_FORMAT = "dwarf-with-dsym";
				ENABLE_NS_ASSERTIONS = NO;
				ENABLE_STRICT_OBJC_MSGSEND = YES;
				ENABLE_USER_SCRIPT_SANDBOXING = YES;
				GCC_C_LANGUAGE_STANDARD = gnu17;
				GCC_NO_COMMON_BLOCKS = YES;
				GCC_WARN_64_TO_32_BIT_CONVERSION = YES;
				GCC_WARN_ABOUT_RETURN_TYPE = YES_ERROR;
				GCC_WARN_UNDECLARED_SELECTOR = YES;
				GCC_WARN_UNINITIALIZED_AUTOS = YES_AGGRESSIVE;
				GCC_WARN_UNUSED_FUNCTION = YES;
				GCC_WARN_UNUSED_VARIABLE = YES;
				IPHONEOS_DEPLOYMENT_TARGET = 26.5;
				LOCALIZATION_PREFERS_STRING_CATALOGS = YES;
				MTL_ENABLE_DEBUG_INFO = NO;
				MTL_FAST_MATH = YES;
				SDKROOT = iphoneos;
				SWIFT_COMPILATION_MODE = wholemodule;
				VALIDATE_PRODUCT = YES;
			};
			name = Release;
		};
		1BFB768830086A1C00E24BB7 /* Debug */ = {
			isa = XCBuildConfiguration;
			buildSettings = {
				ASSETCATALOG_COMPILER_APPICON_NAME = AppIcon;
				ASSETCATALOG_COMPILER_GLOBAL_ACCENT_COLOR_NAME = AccentColor;
				CODE_SIGN_STYLE = Manual;
				CURRENT_PROJECT_VERSION = 1;
				DEVELOPMENT_TEAM = "";
				ENABLE_PREVIEWS = YES;
				GENERATE_INFOPLIST_FILE = YES;
				INFOPLIST_KEY_UIApplicationSceneManifest_Generation = YES;
				INFOPLIST_KEY_UIApplicationSupportsIndirectInputEvents = YES;
				INFOPLIST_KEY_UILaunchScreen_Generation = YES;
				INFOPLIST_KEY_UISupportedInterfaceOrientations_iPad = "UIInterfaceOrientationPortrait UIInterfaceOrientationPortraitUpsideDown UIInterfaceOrientationLandscapeLeft UIInterfaceOrientationLandscapeRight";
				INFOPLIST_KEY_UISupportedInterfaceOrientations_iPhone = "UIInterfaceOrientationPortrait UIInterfaceOrientationLandscapeLeft UIInterfaceOrientationLandscapeRight";
				LD_RUNPATH_SEARCH_PATHS = (
					"$(inherited)",
					"@executable_path/Frameworks",
				);
				MARKETING_VERSION = 1.0;
				PRODUCT_BUNDLE_IDENTIFIER = JOSEA.Welleva;
				PRODUCT_NAME = "$(TARGET_NAME)";
				PROVISIONING_PROFILE_SPECIFIER = "";
				STRING_CATALOG_GENERATE_SYMBOLS = YES;
				SWIFT_APPROACHABLE_CONCURRENCY = YES;
				SWIFT_DEFAULT_ACTOR_ISOLATION = MainActor;
				SWIFT_EMIT_LOC_STRINGS = YES;
				SWIFT_UPCOMING_FEATURE_MEMBER_IMPORT_VISIBILITY = YES;
				SWIFT_VERSION = 5.0;
				TARGETED_DEVICE_FAMILY = "1,2";
			};
			name = Debug;
		};
		1BFB768930086A1C00E24BB7 /* Release */ = {
			isa = XCBuildConfiguration;
			buildSettings = {
				ASSETCATALOG_COMPILER_APPICON_NAME = AppIcon;
				ASSETCATALOG_COMPILER_GLOBAL_ACCENT_COLOR_NAME = AccentColor;
				CODE_SIGN_STYLE = Manual;
				CURRENT_PROJECT_VERSION = 1;
				DEVELOPMENT_TEAM = "";
				ENABLE_PREVIEWS = YES;
				GENERATE_INFOPLIST_FILE = YES;
				INFOPLIST_KEY_UIApplicationSceneManifest_Generation = YES;
				INFOPLIST_KEY_UIApplicationSupportsIndirectInputEvents = YES;
				INFOPLIST_KEY_UILaunchScreen_Generation = YES;
				INFOPLIST_KEY_UISupportedInterfaceOrientations_iPad = "UIInterfaceOrientationPortrait UIInterfaceOrientationPortraitUpsideDown UIInterfaceOrientationLandscapeLeft UIInterfaceOrientationLandscapeRight";
				INFOPLIST_KEY_UISupportedInterfaceOrientations_iPhone = "UIInterfaceOrientationPortrait UIInterfaceOrientationLandscapeLeft UIInterfaceOrientationLandscapeRight";
				LD_RUNPATH_SEARCH_PATHS = (
					"$(inherited)",
					"@executable_path/Frameworks",
				);
				MARKETING_VERSION = 1.0;
				PRODUCT_BUNDLE_IDENTIFIER = JOSEA.Welleva;
				PRODUCT_NAME = "$(TARGET_NAME)";
				PROVISIONING_PROFILE_SPECIFIER = "";
				STRING_CATALOG_GENERATE_SYMBOLS = YES;
				SWIFT_APPROACHABLE_CONCURRENCY = YES;
				SWIFT_DEFAULT_ACTOR_ISOLATION = MainActor;
				SWIFT_EMIT_LOC_STRINGS = YES;
				SWIFT_UPCOMING_FEATURE_MEMBER_IMPORT_VISIBILITY = YES;
				SWIFT_VERSION = 5.0;
				TARGETED_DEVICE_FAMILY = "1,2";
			};
			name = Release;
		};
/* End XCBuildConfiguration section */

/* Begin XCConfigurationList section */
		1BFB767730086A1B00E24BB7 /* Build configuration list for PBXProject "Welleva" */ = {
			isa = XCConfigurationList;
			buildConfigurations = (
				1BFB768530086A1C00E24BB7 /* Debug */,
				1BFB768630086A1C00E24BB7 /* Release */,
			);
			defaultConfigurationIsVisible = 0;
			defaultConfigurationName = Release;
		};
		1BFB768730086A1C00E24BB7 /* Build configuration list for PBXNativeTarget "Welleva" */ = {
			isa = XCConfigurationList;
			buildConfigurations = (
				1BFB768830086A1C00E24BB7 /* Debug */,
				1BFB768930086A1C00E24BB7 /* Release */,
			);
			defaultConfigurationIsVisible = 0;
			defaultConfigurationName = Release;
		};
/* End XCConfigurationList section */

/* Begin XCRemoteSwiftPackageReference section */
		1BFB76B2300DA7DD00E24BB7 /* XCRemoteSwiftPackageReference "firebase-ios-sdk" */ = {
			isa = XCRemoteSwiftPackageReference;
			repositoryURL = "https://github.com/firebase/firebase-ios-sdk";
			requirement = {
				kind = upToNextMajorVersion;
				minimumVersion = 12.16.0;
			};
		};
/* End XCRemoteSwiftPackageReference section */

/* Begin XCSwiftPackageProductDependency section */
		1BFB76B3300DA7DD00E24BB7 /* FirebaseAI */ = {
			isa = XCSwiftPackageProductDependency;
			package = 1BFB76B2300DA7DD00E24BB7 /* XCRemoteSwiftPackageReference "firebase-ios-sdk" */;
			productName = FirebaseAI;
		};
		1BFB76B5300DA7DD00E24BB7 /* FirebaseAuth */ = {
			isa = XCSwiftPackageProductDependency;
			package = 1BFB76B2300DA7DD00E24BB7 /* XCRemoteSwiftPackageReference "firebase-ios-sdk" */;
			productName = FirebaseAuth;
		};
		1BFB76B7300DA7DD00E24BB7 /* FirebaseCore */ = {
			isa = XCSwiftPackageProductDependency;
			package = 1BFB76B2300DA7DD00E24BB7 /* XCRemoteSwiftPackageReference "firebase-ios-sdk" */;
			productName = FirebaseCore;
		};
		1BFB76B9300DA7DD00E24BB7 /* FirebaseFirestore */ = {
			isa = XCSwiftPackageProductDependency;
			package = 1BFB76B2300DA7DD00E24BB7 /* XCRemoteSwiftPackageReference "firebase-ios-sdk" */;
			productName = FirebaseFirestore;
		};
		1BFB76BB300DA7DD00E24BB7 /* FirebaseFunctions */ = {
			isa = XCSwiftPackageProductDependency;
			package = 1BFB76B2300DA7DD00E24BB7 /* XCRemoteSwiftPackageReference "firebase-ios-sdk" */;
			productName = FirebaseFunctions;
		};
/* End XCSwiftPackageProductDependency section */
	};
	rootObject = 1BFB767430086A1B00E24BB7 /* Project object */;
}
