// !$*UTF8*$!
{
	archiveVersion = 1;
	classes = {
	};
	objectVersion = 77;
	objects = {

/* Begin PBXBuildFile section */
		1B6703F6300F386700C7A613 /* ScreenshotOCR.swift in Sources */ = {isa = PBXBuildFile; fileRef = 1B6703F5300F385F00C7A613 /* ScreenshotOCR.swift */; };
		1B6703F8300F388700C7A613 /* ScamResultView.swift in Sources */ = {isa = PBXBuildFile; fileRef = 1B6703F7300F387B00C7A613 /* ScamResultView.swift */; };
		1B6703FA300F38AB00C7A613 /* ScamCheckView.swift in Sources */ = {isa = PBXBuildFile; fileRef = 1B6703F9300F389300C7A613 /* ScamCheckView.swift */; };
		1BFB769530088AFD00E24BB7 /* Onboarding Welcome.swift in Sources */ = {isa = PBXBuildFile; fileRef = 1BFB769430088AFD00E24BB7 /* Onboarding Welcome.swift */; };
		1BFB76F3300DC90C00E24BB7 /* AboutView.swift in Sources */ = {isa = PBXBuildFile; fileRef = 1BFB76EB300DC90C00E24BB7 /* AboutView.swift */; };
		1BFB76F5300DC90C00E24BB7 /* LearningView.swift in Sources */ = {isa = PBXBuildFile; fileRef = 1BFB76EE300DC90C00E24BB7 /* LearningView.swift */; };
		1BFB76F6300DC90C00E24BB7 /* LessonCompleteView.swift in Sources */ = {isa = PBXBuildFile; fileRef = 1BFB76EF300DC90C00E24BB7 /* LessonCompleteView.swift */; };
		1BFB76F7300DC90C00E24BB7 /* LessonDetailView.swift in Sources */ = {isa = PBXBuildFile; fileRef = 1BFB76F0300DC90C00E24BB7 /* LessonDetailView.swift */; };
		1BFB76F8300DC90C00E24BB7 /* QuizView.swift in Sources */ = {isa = PBXBuildFile; fileRef = 1BFB76F1300DC90C00E24BB7 /* QuizView.swift */; };
		1BFB76FD300DCAAF00E24BB7 /* FirebaseAI in Frameworks */ = {isa = PBXBuildFile; productRef = 1BFB76FC300DCAAF00E24BB7 /* FirebaseAI */; };
		1BFB76FF300DCAAF00E24BB7 /* FirebaseAuth in Frameworks */ = {isa = PBXBuildFile; productRef = 1BFB76FE300DCAAF00E24BB7 /* FirebaseAuth */; };
		1BFB7701300DCAAF00E24BB7 /* FirebaseCore in Frameworks */ = {isa = PBXBuildFile; productRef = 1BFB7700300DCAAF00E24BB7 /* FirebaseCore */; };
		1BFB7703300DCAAF00E24BB7 /* FirebaseFirestore in Frameworks */ = {isa = PBXBuildFile; productRef = 1BFB7702300DCAAF00E24BB7 /* FirebaseFirestore */; };
		1BFB7705300DCAAF00E24BB7 /* FirebaseFunctions in Frameworks */ = {isa = PBXBuildFile; productRef = 1BFB7704300DCAAF00E24BB7 /* FirebaseFunctions */; };
		1BFB770A300DCACB00E24BB7 /* FirestoreService.swift in Sources */ = {isa = PBXBuildFile; fileRef = 1BFB7707300DCACB00E24BB7 /* FirestoreService.swift */; };
		1BFB770B300DCACB00E24BB7 /* AuthService.swift in Sources */ = {isa = PBXBuildFile; fileRef = 1BFB7708300DCACB00E24BB7 /* AuthService.swift */; };
		1BFB770C300DCACB00E24BB7 /* GeminiService.swift in Sources */ = {isa = PBXBuildFile; fileRef = 1BFB7706300DCACB00E24BB7 /* GeminiService.swift */; };
		1BFB7710300DCADA00E24BB7 /* UserProfile.swift in Sources */ = {isa = PBXBuildFile; fileRef = 1BFB770D300DCADA00E24BB7 /* UserProfile.swift */; };
		1BFB7711300DCADA00E24BB7 /* ScanResult.swift in Sources */ = {isa = PBXBuildFile; fileRef = 1BFB770E300DCADA00E24BB7 /* ScanResult.swift */; };
		1BFB7718300DCB4B00E24BB7 /* WelcomePage.swift in Sources */ = {isa = PBXBuildFile; fileRef = 1BFB7717300DCB4B00E24BB7 /* WelcomePage.swift */; };
		1BFB7721300DCB9200E24BB7 /* Intro1.swift in Sources */ = {isa = PBXBuildFile; fileRef = 1BFB7719300DCB9200E24BB7 /* Intro1.swift */; };
		1BFB7722300DCB9200E24BB7 /* Intro2.swift in Sources */ = {isa = PBXBuildFile; fileRef = 1BFB771A300DCB9200E24BB7 /* Intro2.swift */; };
		1BFB7723300DCB9200E24BB7 /* EncryptedView.swift in Sources */ = {isa = PBXBuildFile; fileRef = 1BFB771F300DCB9200E24BB7 /* EncryptedView.swift */; };
		1BFB7724300DCB9200E24BB7 /* CheckInputView.swift in Sources */ = {isa = PBXBuildFile; fileRef = 1BFB7720300DCB9200E24BB7 /* CheckInputView.swift */; };
		1BFB7725300DCB9200E24BB7 /* SignUp.swift in Sources */ = {isa = PBXBuildFile; fileRef = 1BFB771E300DCB9200E24BB7 /* SignUp.swift */; };
		1BFB7726300DCB9200E24BB7 /* PrivacyFirst.swift in Sources */ = {isa = PBXBuildFile; fileRef = 1BFB771D300DCB9200E24BB7 /* PrivacyFirst.swift */; };
		1BFB7727300DCB9200E24BB7 /* Login.swift in Sources */ = {isa = PBXBuildFile; fileRef = 1BFB771C300DCB9200E24BB7 /* Login.swift */; };
		1BFB7728300DCB9200E24BB7 /* IntroView.swift in Sources */ = {isa = PBXBuildFile; fileRef = 1BFB771B300DCB9200E24BB7 /* IntroView.swift */; };
		1BFB77A5300F030F00E24BB7 /* ScamNumberStore.swift in Sources */ = {isa = PBXBuildFile; fileRef = 1BFB77A4300F030000E24BB7 /* ScamNumberStore.swift */; };
		1BFB77BB300F17B700E24BB7 /* WellevaCallDirectory.appex in Embed Foundation Extensions */ = {isa = PBXBuildFile; fileRef = 1BFB77B4300F17B700E24BB7 /* WellevaCallDirectory.appex */; settings = {ATTRIBUTES = (RemoveHeadersOnCopy, ); }; };
		8A0EDF58300EED72009FF75C /* Homepage.swift in Sources */ = {isa = PBXBuildFile; fileRef = 8A0EDF57300EED6B009FF75C /* Homepage.swift */; };
		8A8153F3300FA755004356BA /* SmallCard.swift in Sources */ = {isa = PBXBuildFile; fileRef = 8A8153F2300FA74E004356BA /* SmallCard.swift */; };
		8A8153F5300FA75E004356BA /* TabItem.swift in Sources */ = {isa = PBXBuildFile; fileRef = 8A8153F4300FA759004356BA /* TabItem.swift */; };
		8A81541730105A31004356BA /* TopBar.swift in Sources */ = {isa = PBXBuildFile; fileRef = 8A81541630105A2B004356BA /* TopBar.swift */; };
		8A81541930105A48004356BA /* AppTheme.swift in Sources */ = {isa = PBXBuildFile; fileRef = 8A81541830105A43004356BA /* AppTheme.swift */; };
		8A81541B30105A81004356BA /* ColourSetting.swift in Sources */ = {isa = PBXBuildFile; fileRef = 8A81541A30105A7A004356BA /* ColourSetting.swift */; };
		8A81541D30105A97004356BA /* ColourRow.swift in Sources */ = {isa = PBXBuildFile; fileRef = 8A81541C30105A91004356BA /* ColourRow.swift */; };
		8A81541F30105AB7004356BA /* TabBar.swift in Sources */ = {isa = PBXBuildFile; fileRef = 8A81541E30105AB4004356BA /* TabBar.swift */; };
/* End PBXBuildFile section */

/* Begin PBXContainerItemProxy section */
		1BFB77B9300F17B700E24BB7 /* PBXContainerItemProxy */ = {
			isa = PBXContainerItemProxy;
			containerPortal = 1BFB767430086A1B00E24BB7 /* Project object */;
			proxyType = 1;
			remoteGlobalIDString = 1BFB77B3300F17B700E24BB7;
			remoteInfo = WellevaCallDirectory;
		};
/* End PBXContainerItemProxy section */

/* Begin PBXCopyFilesBuildPhase section */
		1BFB77A1300EFE1000E24BB7 /* Embed Foundation Extensions */ = {
			isa = PBXCopyFilesBuildPhase;
			buildActionMask = 2147483647;
			dstPath = "";
			dstSubfolderSpec = 13;
			files = (
				1BFB77BB300F17B700E24BB7 /* WellevaCallDirectory.appex in Embed Foundation Extensions */,
			);
			name = "Embed Foundation Extensions";
			runOnlyForDeploymentPostprocessing = 0;
		};
/* End PBXCopyFilesBuildPhase section */

/* Begin PBXFileReference section */
		1B6703F5300F385F00C7A613 /* ScreenshotOCR.swift */ = {isa = PBXFileReference; lastKnownFileType = sourcecode.swift; path = ScreenshotOCR.swift; sourceTree = "<group>"; };
		1B6703F7300F387B00C7A613 /* ScamResultView.swift */ = {isa = PBXFileReference; lastKnownFileType = sourcecode.swift; path = ScamResultView.swift; sourceTree = "<group>"; };
		1B6703F9300F389300C7A613 /* ScamCheckView.swift */ = {isa = PBXFileReference; lastKnownFileType = sourcecode.swift; path = ScamCheckView.swift; sourceTree = "<group>"; };
		1BFB767C30086A1B00E24BB7 /* Welleva.app */ = {isa = PBXFileReference; explicitFileType = wrapper.application; includeInIndex = 0; path = Welleva.app; sourceTree = BUILT_PRODUCTS_DIR; };
		1BFB769430088AFD00E24BB7 /* Onboarding Welcome.swift */ = {isa = PBXFileReference; lastKnownFileType = sourcecode.swift; path = "Onboarding Welcome.swift"; sourceTree = "<group>"; };
		1BFB76EB300DC90C00E24BB7 /* AboutView.swift */ = {isa = PBXFileReference; lastKnownFileType = sourcecode.swift; path = AboutView.swift; sourceTree = "<group>"; };
		1BFB76EE300DC90C00E24BB7 /* LearningView.swift */ = {isa = PBXFileReference; lastKnownFileType = sourcecode.swift; path = LearningView.swift; sourceTree = "<group>"; };
		1BFB76EF300DC90C00E24BB7 /* LessonCompleteView.swift */ = {isa = PBXFileReference; lastKnownFileType = sourcecode.swift; path = LessonCompleteView.swift; sourceTree = "<group>"; };
		1BFB76F0300DC90C00E24BB7 /* LessonDetailView.swift */ = {isa = PBXFileReference; lastKnownFileType = sourcecode.swift; path = LessonDetailView.swift; sourceTree = "<group>"; };
		1BFB76F1300DC90C00E24BB7 /* QuizView.swift */ = {isa = PBXFileReference; lastKnownFileType = sourcecode.swift; path = QuizView.swift; sourceTree = "<group>"; };
		1BFB7706300DCACB00E24BB7 /* GeminiService.swift */ = {isa = PBXFileReference; lastKnownFileType = sourcecode.swift; path = GeminiService.swift; sourceTree = "<group>"; };
		1BFB7707300DCACB00E24BB7 /* FirestoreService.swift */ = {isa = PBXFileReference; lastKnownFileType = sourcecode.swift; path = FirestoreService.swift; sourceTree = "<group>"; };
		1BFB7708300DCACB00E24BB7 /* AuthService.swift */ = {isa = PBXFileReference; lastKnownFileType = sourcecode.swift; path = AuthService.swift; sourceTree = "<group>"; };
		1BFB770D300DCADA00E24BB7 /* UserProfile.swift */ = {isa = PBXFileReference; lastKnownFileType = sourcecode.swift; path = UserProfile.swift; sourceTree = "<group>"; };
		1BFB770E300DCADA00E24BB7 /* ScanResult.swift */ = {isa = PBXFileReference; lastKnownFileType = sourcecode.swift; path = ScanResult.swift; sourceTree = "<group>"; };
		1BFB7717300DCB4B00E24BB7 /* WelcomePage.swift */ = {isa = PBXFileReference; lastKnownFileType = sourcecode.swift; path = WelcomePage.swift; sourceTree = "<group>"; };
		1BFB7719300DCB9200E24BB7 /* Intro1.swift */ = {isa = PBXFileReference; lastKnownFileType = sourcecode.swift; path = Intro1.swift; sourceTree = "<group>"; };
		1BFB771A300DCB9200E24BB7 /* Intro2.swift */ = {isa = PBXFileReference; lastKnownFileType = sourcecode.swift; path = Intro2.swift; sourceTree = "<group>"; };
		1BFB771B300DCB9200E24BB7 /* IntroView.swift */ = {isa = PBXFileReference; lastKnownFileType = sourcecode.swift; path = IntroView.swift; sourceTree = "<group>"; };
		1BFB771C300DCB9200E24BB7 /* Login.swift */ = {isa = PBXFileReference; lastKnownFileType = sourcecode.swift; path = Login.swift; sourceTree = "<group>"; };
		1BFB771D300DCB9200E24BB7 /* PrivacyFirst.swift */ = {isa = PBXFileReference; lastKnownFileType = sourcecode.swift; path = PrivacyFirst.swift; sourceTree = "<group>"; };
		1BFB771E300DCB9200E24BB7 /* SignUp.swift */ = {isa = PBXFileReference; lastKnownFileType = sourcecode.swift; path = SignUp.swift; sourceTree = "<group>"; };
		1BFB771F300DCB9200E24BB7 /* EncryptedView.swift */ = {isa = PBXFileReference; lastKnownFileType = sourcecode.swift; path = EncryptedView.swift; sourceTree = "<group>"; };
		1BFB7720300DCB9200E24BB7 /* CheckInputView.swift */ = {isa = PBXFileReference; lastKnownFileType = sourcecode.swift; path = CheckInputView.swift; sourceTree = "<group>"; };
		1BFB77A4300F030000E24BB7 /* ScamNumberStore.swift */ = {isa = PBXFileReference; lastKnownFileType = sourcecode.swift; path = ScamNumberStore.swift; sourceTree = "<group>"; };
		1BFB77B4300F17B700E24BB7 /* WellevaCallDirectory.appex */ = {isa = PBXFileReference; explicitFileType = "wrapper.app-extension"; includeInIndex = 0; path = WellevaCallDirectory.appex; sourceTree = BUILT_PRODUCTS_DIR; };
		8A0EDF57300EED6B009FF75C /* Homepage.swift */ = {isa = PBXFileReference; lastKnownFileType = sourcecode.swift; path = Homepage.swift; sourceTree = "<group>"; };
		8A8153F2300FA74E004356BA /* SmallCard.swift */ = {isa = PBXFileReference; lastKnownFileType = sourcecode.swift; path = SmallCard.swift; sourceTree = "<group>"; };
		8A8153F4300FA759004356BA /* TabItem.swift */ = {isa = PBXFileReference; lastKnownFileType = sourcecode.swift; path = TabItem.swift; sourceTree = "<group>"; };
		8A81541630105A2B004356BA /* TopBar.swift */ = {isa = PBXFileReference; lastKnownFileType = sourcecode.swift; path = TopBar.swift; sourceTree = "<group>"; };
		8A81541830105A43004356BA /* AppTheme.swift */ = {isa = PBXFileReference; lastKnownFileType = sourcecode.swift; path = AppTheme.swift; sourceTree = "<group>"; };
		8A81541A30105A7A004356BA /* ColourSetting.swift */ = {isa = PBXFileReference; lastKnownFileType = sourcecode.swift; path = ColourSetting.swift; sourceTree = "<group>"; };
		8A81541C30105A91004356BA /* ColourRow.swift */ = {isa = PBXFileReference; lastKnownFileType = sourcecode.swift; path = ColourRow.swift; sourceTree = "<group>"; };
		8A81541E30105AB4004356BA /* TabBar.swift */ = {isa = PBXFileReference; lastKnownFileType = sourcecode.swift; path = TabBar.swift; sourceTree = "<group>"; };
/* End PBXFileReference section */

/* Begin PBXFileSystemSynchronizedBuildFileExceptionSet section */
		1BFB77C0300F1EDD00E24BB7 /* Exceptions for "WellevaCallDirectory" folder in "WellevaCallDirectory" target */ = {
			isa = PBXFileSystemSynchronizedBuildFileExceptionSet;
			membershipExceptions = (
				Info.plist,
			);
			target = 1BFB77B3300F17B700E24BB7 /* WellevaCallDirectory */;
		};
/* End PBXFileSystemSynchronizedBuildFileExceptionSet section */

/* Begin PBXFileSystemSynchronizedRootGroup section */
		1BFB767E30086A1B00E24BB7 /* Welleva */ = {
			isa = PBXFileSystemSynchronizedRootGroup;
			path = Welleva;
			sourceTree = "<group>";
		};
		1BFB77B5300F17B700E24BB7 /* WellevaCallDirectory */ = {
			isa = PBXFileSystemSynchronizedRootGroup;
			exceptions = (
				1BFB77C0300F1EDD00E24BB7 /* Exceptions for "WellevaCallDirectory" folder in "WellevaCallDirectory" target */,
			);
			path = WellevaCallDirectory;
			sourceTree = "<group>";
		};
/* End PBXFileSystemSynchronizedRootGroup section */

/* Begin PBXFrameworksBuildPhase section */
		1BFB767930086A1B00E24BB7 /* Frameworks */ = {
			isa = PBXFrameworksBuildPhase;
			buildActionMask = 2147483647;
			files = (
				1BFB76FD300DCAAF00E24BB7 /* FirebaseAI in Frameworks */,
				1BFB7703300DCAAF00E24BB7 /* FirebaseFirestore in Frameworks */,
				1BFB7705300DCAAF00E24BB7 /* FirebaseFunctions in Frameworks */,
				1BFB7701300DCAAF00E24BB7 /* FirebaseCore in Frameworks */,
				1BFB76FF300DCAAF00E24BB7 /* FirebaseAuth in Frameworks */,
			);
			runOnlyForDeploymentPostprocessing = 0;
		};
		1BFB77B1300F17B700E24BB7 /* Frameworks */ = {
			isa = PBXFrameworksBuildPhase;
			buildActionMask = 2147483647;
			files = (
			);
			runOnlyForDeploymentPostprocessing = 0;
		};
/* End PBXFrameworksBuildPhase section */

/* Begin PBXGroup section */
		1BFB767330086A1B00E24BB7 = {
			isa = PBXGroup;
			children = (
				1BFB770F300DCADA00E24BB7 /* Models */,
				1BFB7709300DCACB00E24BB7 /* Services */,
				1BFB769330088AC300E24BB7 /* Views */,
				1BFB767E30086A1B00E24BB7 /* Welleva */,
				1BFB77B5300F17B700E24BB7 /* WellevaCallDirectory */,
				1BFB767D30086A1B00E24BB7 /* Products */,
			);
			sourceTree = "<group>";
		};
		1BFB767D30086A1B00E24BB7 /* Products */ = {
			isa = PBXGroup;
			children = (
				1BFB767C30086A1B00E24BB7 /* Welleva.app */,
				1BFB77B4300F17B700E24BB7 /* WellevaCallDirectory.appex */,
			);
			name = Products;
			sourceTree = "<group>";
		};
		1BFB769330088AC300E24BB7 /* Views */ = {
			isa = PBXGroup;
			children = (
				1B6703F9300F389300C7A613 /* ScamCheckView.swift */,
				1B6703F7300F387B00C7A613 /* ScamResultView.swift */,
				1BFB769430088AFD00E24BB7 /* Onboarding Welcome.swift */,
				1BFB7717300DCB4B00E24BB7 /* WelcomePage.swift */,
				1BFB7719300DCB9200E24BB7 /* Intro1.swift */,
				1BFB771A300DCB9200E24BB7 /* Intro2.swift */,
				1BFB771B300DCB9200E24BB7 /* IntroView.swift */,
				1BFB771C300DCB9200E24BB7 /* Login.swift */,
				8A0EDF57300EED6B009FF75C /* Homepage.swift */,
				8A8153F2300FA74E004356BA /* SmallCard.swift */,
				8A8153F4300FA759004356BA /* TabItem.swift */,
				1BFB771D300DCB9200E24BB7 /* PrivacyFirst.swift */,
				8A81541A30105A7A004356BA /* ColourSetting.swift */,
				1BFB771E300DCB9200E24BB7 /* SignUp.swift */,
				1BFB771F300DCB9200E24BB7 /* EncryptedView.swift */,
				8A81541630105A2B004356BA /* TopBar.swift */,
				8A81541E30105AB4004356BA /* TabBar.swift */,
				1BFB7720300DCB9200E24BB7 /* CheckInputView.swift */,
				8A81541830105A43004356BA /* AppTheme.swift */,
				1BFB76EB300DC90C00E24BB7 /* AboutView.swift */,
				8A81541C30105A91004356BA /* ColourRow.swift */,
				1BFB76EE300DC90C00E24BB7 /* LearningView.swift */,
				1BFB76EF300DC90C00E24BB7 /* LessonCompleteView.swift */,
				1BFB76F0300DC90C00E24BB7 /* LessonDetailView.swift */,
				1BFB76F1300DC90C00E24BB7 /* QuizView.swift */,
			);
			path = Views;
			sourceTree = "<group>";
		};
		1BFB7709300DCACB00E24BB7 /* Services */ = {
			isa = PBXGroup;
			children = (
				1B6703F5300F385F00C7A613 /* ScreenshotOCR.swift */,
				1BFB77A4300F030000E24BB7 /* ScamNumberStore.swift */,
				1BFB7706300DCACB00E24BB7 /* GeminiService.swift */,
				1BFB7707300DCACB00E24BB7 /* FirestoreService.swift */,
				1BFB7708300DCACB00E24BB7 /* AuthService.swift */,
			);
			path = Services;
			sourceTree = "<group>";
		};
		1BFB770F300DCADA00E24BB7 /* Models */ = {
			isa = PBXGroup;
			children = (
				1BFB770D300DCADA00E24BB7 /* UserProfile.swift */,
				1BFB770E300DCADA00E24BB7 /* ScanResult.swift */,
			);
			path = Models;
			sourceTree = "<group>";
		};
/* End PBXGroup section */

/* Begin PBXNativeTarget section */
		1BFB767B30086A1B00E24BB7 /* Welleva */ = {
			isa = PBXNativeTarget;
			buildConfigurationList = 1BFB768730086A1C00E24BB7 /* Build configuration list for PBXNativeTarget "Welleva" */;
			buildPhases = (
				1BFB767830086A1B00E24BB7 /* Sources */,
				1BFB767930086A1B00E24BB7 /* Frameworks */,
				1BFB767A30086A1B00E24BB7 /* Resources */,
				1BFB77A1300EFE1000E24BB7 /* Embed Foundation Extensions */,
			);
			buildRules = (
			);
			dependencies = (
				1BFB77BA300F17B700E24BB7 /* PBXTargetDependency */,
			);
			fileSystemSynchronizedGroups = (
				1BFB767E30086A1B00E24BB7 /* Welleva */,
			);
			name = Welleva;
			packageProductDependencies = (
				1BFB76FC300DCAAF00E24BB7 /* FirebaseAI */,
				1BFB76FE300DCAAF00E24BB7 /* FirebaseAuth */,
				1BFB7700300DCAAF00E24BB7 /* FirebaseCore */,
				1BFB7702300DCAAF00E24BB7 /* FirebaseFirestore */,
				1BFB7704300DCAAF00E24BB7 /* FirebaseFunctions */,
			);
			productName = Welleva;
			productReference = 1BFB767C30086A1B00E24BB7 /* Welleva.app */;
			productType = "com.apple.product-type.application";
		};
		1BFB77B3300F17B700E24BB7 /* WellevaCallDirectory */ = {
			isa = PBXNativeTarget;
			buildConfigurationList = 1BFB77C1300F1EDD00E24BB7 /* Build configuration list for PBXNativeTarget "WellevaCallDirectory" */;
			buildPhases = (
				1BFB77B0300F17B700E24BB7 /* Sources */,
				1BFB77B1300F17B700E24BB7 /* Frameworks */,
				1BFB77B2300F17B700E24BB7 /* Resources */,
			);
			buildRules = (
			);
			dependencies = (
			);
			fileSystemSynchronizedGroups = (
				1BFB77B5300F17B700E24BB7 /* WellevaCallDirectory */,
			);
			name = WellevaCallDirectory;
			packageProductDependencies = (
			);
			productName = WellevaCallDirectory;
			productReference = 1BFB77B4300F17B700E24BB7 /* WellevaCallDirectory.appex */;
			productType = "com.apple.product-type.app-extension";
		};
/* End PBXNativeTarget section */

/* Begin PBXProject section */
		1BFB767430086A1B00E24BB7 /* Project object */ = {
			isa = PBXProject;
			attributes = {
				BuildIndependentTargetsInParallel = 1;
				LastSwiftUpdateCheck = 2660;
				LastUpgradeCheck = 2660;
				TargetAttributes = {
					1BFB767B30086A1B00E24BB7 = {
						CreatedOnToolsVersion = 26.6;
					};
					1BFB77B3300F17B700E24BB7 = {
						CreatedOnToolsVersion = 26.6;
					};
				};
			};
			buildConfigurationList = 1BFB767730086A1B00E24BB7 /* Build configuration list for PBXProject "Welleva" */;
			developmentRegion = en;
			hasScannedForEncodings = 0;
			knownRegions = (
				en,
				Base,
			);
			mainGroup = 1BFB767330086A1B00E24BB7;
			minimizedProjectReferenceProxies = 1;
			packageReferences = (
				1BFB76FB300DCAAF00E24BB7 /* XCRemoteSwiftPackageReference "firebase-ios-sdk" */,
			);
			preferredProjectObjectVersion = 77;
			productRefGroup = 1BFB767D30086A1B00E24BB7 /* Products */;
			projectDirPath = "";
			projectRoot = "";
			targets = (
				1BFB767B30086A1B00E24BB7 /* Welleva */,
				1BFB77B3300F17B700E24BB7 /* WellevaCallDirectory */,
			);
		};
/* End PBXProject section */

/* Begin PBXResourcesBuildPhase section */
		1BFB767A30086A1B00E24BB7 /* Resources */ = {
			isa = PBXResourcesBuildPhase;
			buildActionMask = 2147483647;
			files = (
			);
			runOnlyForDeploymentPostprocessing = 0;
		};
		1BFB77B2300F17B700E24BB7 /* Resources */ = {
			isa = PBXResourcesBuildPhase;
			buildActionMask = 2147483647;
			files = (
			);
			runOnlyForDeploymentPostprocessing = 0;
		};
/* End PBXResourcesBuildPhase section */

/* Begin PBXSourcesBuildPhase section */
		1BFB767830086A1B00E24BB7 /* Sources */ = {
			isa = PBXSourcesBuildPhase;
			buildActionMask = 2147483647;
			files = (
				8A81541B30105A81004356BA /* ColourSetting.swift in Sources */,
				1BFB769530088AFD00E24BB7 /* Onboarding Welcome.swift in Sources */,
				1B6703F8300F388700C7A613 /* ScamResultView.swift in Sources */,
				1BFB76F3300DC90C00E24BB7 /* AboutView.swift in Sources */,
				1BFB76F5300DC90C00E24BB7 /* LearningView.swift in Sources */,
				8A81541930105A48004356BA /* AppTheme.swift in Sources */,
				8A0EDF58300EED72009FF75C /* Homepage.swift in Sources */,
				8A81541F30105AB7004356BA /* TabBar.swift in Sources */,
				1BFB76F6300DC90C00E24BB7 /* LessonCompleteView.swift in Sources */,
				8A81541D30105A97004356BA /* ColourRow.swift in Sources */,
				1B6703FA300F38AB00C7A613 /* ScamCheckView.swift in Sources */,
				8A81541730105A31004356BA /* TopBar.swift in Sources */,
				1BFB76F7300DC90C00E24BB7 /* LessonDetailView.swift in Sources */,
				1BFB770A300DCACB00E24BB7 /* FirestoreService.swift in Sources */,
				1BFB7721300DCB9200E24BB7 /* Intro1.swift in Sources */,
				1BFB7722300DCB9200E24BB7 /* Intro2.swift in Sources */,
				1B6703F6300F386700C7A613 /* ScreenshotOCR.swift in Sources */,
				1BFB7723300DCB9200E24BB7 /* EncryptedView.swift in Sources */,
				1BFB7724300DCB9200E24BB7 /* CheckInputView.swift in Sources */,
				1BFB7725300DCB9200E24BB7 /* SignUp.swift in Sources */,
				1BFB7726300DCB9200E24BB7 /* PrivacyFirst.swift in Sources */,
				1BFB7727300DCB9200E24BB7 /* Login.swift in Sources */,
				1BFB7728300DCB9200E24BB7 /* IntroView.swift in Sources */,
				8A8153F5300FA75E004356BA /* TabItem.swift in Sources */,
				1BFB770B300DCACB00E24BB7 /* AuthService.swift in Sources */,
				8A8153F3300FA755004356BA /* SmallCard.swift in Sources */,
				1BFB77A5300F030F00E24BB7 /* ScamNumberStore.swift in Sources */,
				1BFB770C300DCACB00E24BB7 /* GeminiService.swift in Sources */,
				1BFB76F8300DC90C00E24BB7 /* QuizView.swift in Sources */,
				1BFB7718300DCB4B00E24BB7 /* WelcomePage.swift in Sources */,
				1BFB7710300DCADA00E24BB7 /* UserProfile.swift in Sources */,
				1BFB7711300DCADA00E24BB7 /* ScanResult.swift in Sources */,
			);
			runOnlyForDeploymentPostprocessing = 0;
		};
		1BFB77B0300F17B700E24BB7 /* Sources */ = {
			isa = PBXSourcesBuildPhase;
			buildActionMask = 2147483647;
			files = (
			);
			runOnlyForDeploymentPostprocessing = 0;
		};
/* End PBXSourcesBuildPhase section */

/* Begin PBXTargetDependency section */
		1BFB77BA300F17B700E24BB7 /* PBXTargetDependency */ = {
			isa = PBXTargetDependency;
			target = 1BFB77B3300F17B700E24BB7 /* WellevaCallDirectory */;
			targetProxy = 1BFB77B9300F17B700E24BB7 /* PBXContainerItemProxy */;
		};
/* End PBXTargetDependency section */

/* Begin XCBuildConfiguration section */
		1BFB768530086A1C00E24BB7 /* Debug */ = {
			isa = XCBuildConfiguration;
			buildSettings = {
				ALWAYS_SEARCH_USER_PATHS = NO;
				ASSETCATALOG_COMPILER_GENERATE_SWIFT_ASSET_SYMBOL_EXTENSIONS = YES;
				CLANG_ANALYZER_NONNULL = YES;
				CLANG_ANALYZER_NUMBER_OBJECT_CONVERSION = YES_AGGRESSIVE;
				CLANG_CXX_LANGUAGE_STANDARD = "gnu++20";
				CLANG_ENABLE_MODULES = YES;
				CLANG_ENABLE_OBJC_ARC = YES;
				CLANG_ENABLE_OBJC_WEAK = YES;
				CLANG_WARN_BLOCK_CAPTURE_AUTORELEASING = YES;
				CLANG_WARN_BOOL_CONVERSION = YES;
				CLANG_WARN_COMMA = YES;
				CLANG_WARN_CONSTANT_CONVERSION = YES;
				CLANG_WARN_DEPRECATED_OBJC_IMPLEMENTATIONS = YES;
				CLANG_WARN_DIRECT_OBJC_ISA_USAGE = YES_ERROR;
				CLANG_WARN_DOCUMENTATION_COMMENTS = YES;
				CLANG_WARN_EMPTY_BODY = YES;
				CLANG_WARN_ENUM_CONVERSION = YES;
				CLANG_WARN_INFINITE_RECURSION = YES;
				CLANG_WARN_INT_CONVERSION = YES;
				CLANG_WARN_NON_LITERAL_NULL_CONVERSION = YES;
				CLANG_WARN_OBJC_IMPLICIT_RETAIN_SELF = YES;
				CLANG_WARN_OBJC_LITERAL_CONVERSION = YES;
				CLANG_WARN_OBJC_ROOT_CLASS = YES_ERROR;
				CLANG_WARN_QUOTED_INCLUDE_IN_FRAMEWORK_HEADER = YES;
				CLANG_WARN_RANGE_LOOP_ANALYSIS = YES;
				CLANG_WARN_STRICT_PROTOTYPES = YES;
				CLANG_WARN_SUSPICIOUS_MOVE = YES;
				CLANG_WARN_UNGUARDED_AVAILABILITY = YES_AGGRESSIVE;
				CLANG_WARN_UNREACHABLE_CODE = YES;
				CLANG_WARN__DUPLICATE_METHOD_MATCH = YES;
				COPY_PHASE_STRIP = NO;
				DEBUG_INFORMATION_FORMAT = dwarf;
				ENABLE_STRICT_OBJC_MSGSEND = YES;
				ENABLE_TESTABILITY = YES;
				ENABLE_USER_SCRIPT_SANDBOXING = YES;
				GCC_C_LANGUAGE_STANDARD = gnu17;
				GCC_DYNAMIC_NO_PIC = NO;
				GCC_NO_COMMON_BLOCKS = YES;
				GCC_OPTIMIZATION_LEVEL = 0;
				GCC_PREPROCESSOR_DEFINITIONS = (
					"DEBUG=1",
					"$(inherited)",
				);
				GCC_WARN_64_TO_32_BIT_CONVERSION = YES;
				GCC_WARN_ABOUT_RETURN_TYPE = YES_ERROR;
				GCC_WARN_UNDECLARED_SELECTOR = YES;
				GCC_WARN_UNINITIALIZED_AUTOS = YES_AGGRESSIVE;
				GCC_WARN_UNUSED_FUNCTION = YES;
				GCC_WARN_UNUSED_VARIABLE = YES;
				IPHONEOS_DEPLOYMENT_TARGET = 26.5;
				LOCALIZATION_PREFERS_STRING_CATALOGS = YES;
				MTL_ENABLE_DEBUG_INFO = INCLUDE_SOURCE;
				MTL_FAST_MATH = YES;
				ONLY_ACTIVE_ARCH = YES;
				SDKROOT = iphoneos;
				SWIFT_ACTIVE_COMPILATION_CONDITIONS = "DEBUG $(inherited)";
				SWIFT_OPTIMIZATION_LEVEL = "-Onone";
			};
			name = Debug;
		};
		1BFB768630086A1C00E24BB7 /* Release */ = {
			isa = XCBuildConfiguration;
			buildSettings = {
				ALWAYS_SEARCH_USER_PATHS = NO;
				ASSETCATALOG_COMPILER_GENERATE_SWIFT_ASSET_SYMBOL_EXTENSIONS = YES;
				CLANG_ANALYZER_NONNULL = YES;
				CLANG_ANALYZER_NUMBER_OBJECT_CONVERSION = YES_AGGRESSIVE;
				CLANG_CXX_LANGUAGE_STANDARD = "gnu++20";
				CLANG_ENABLE_MODULES = YES;
				CLANG_ENABLE_OBJC_ARC = YES;
				CLANG_ENABLE_OBJC_WEAK = YES;
				CLANG_WARN_BLOCK_CAPTURE_AUTORELEASING = YES;
				CLANG_WARN_BOOL_CONVERSION = YES;
				CLANG_WARN_COMMA = YES;
				CLANG_WARN_CONSTANT_CONVERSION = YES;
				CLANG_WARN_DEPRECATED_OBJC_IMPLEMENTATIONS = YES;
				CLANG_WARN_DIRECT_OBJC_ISA_USAGE = YES_ERROR;
				CLANG_WARN_DOCUMENTATION_COMMENTS = YES;
				CLANG_WARN_EMPTY_BODY = YES;
				CLANG_WARN_ENUM_CONVERSION = YES;
				CLANG_WARN_INFINITE_RECURSION = YES;
				CLANG_WARN_INT_CONVERSION = YES;
				CLANG_WARN_NON_LITERAL_NULL_CONVERSION = YES;
				CLANG_WARN_OBJC_IMPLICIT_RETAIN_SELF = YES;
				CLANG_WARN_OBJC_LITERAL_CONVERSION = YES;
				CLANG_WARN_OBJC_ROOT_CLASS = YES_ERROR;
				CLANG_WARN_QUOTED_INCLUDE_IN_FRAMEWORK_HEADER = YES;
				CLANG_WARN_RANGE_LOOP_ANALYSIS = YES;
				CLANG_WARN_STRICT_PROTOTYPES = YES;
				CLANG_WARN_SUSPICIOUS_MOVE = YES;
				CLANG_WARN_UNGUARDED_AVAILABILITY = YES_AGGRESSIVE;
				CLANG_WARN_UNREACHABLE_CODE = YES;
				CLANG_WARN__DUPLICATE_METHOD_MATCH = YES;
				COPY_PHASE_STRIP = NO;
				DEBUG_INFORMATION_FORMAT = "dwarf-with-dsym";
				ENABLE_NS_ASSERTIONS = NO;
				ENABLE_STRICT_OBJC_MSGSEND = YES;
				ENABLE_USER_SCRIPT_SANDBOXING = YES;
				GCC_C_LANGUAGE_STANDARD = gnu17;
				GCC_NO_COMMON_BLOCKS = YES;
				GCC_WARN_64_TO_32_BIT_CONVERSION = YES;
				GCC_WARN_ABOUT_RETURN_TYPE = YES_ERROR;
				GCC_WARN_UNDECLARED_SELECTOR = YES;
				GCC_WARN_UNINITIALIZED_AUTOS = YES_AGGRESSIVE;
				GCC_WARN_UNUSED_FUNCTION = YES;
				GCC_WARN_UNUSED_VARIABLE = YES;
				IPHONEOS_DEPLOYMENT_TARGET = 26.5;
				LOCALIZATION_PREFERS_STRING_CATALOGS = YES;
				MTL_ENABLE_DEBUG_INFO = NO;
				MTL_FAST_MATH = YES;
				SDKROOT = iphoneos;
				SWIFT_COMPILATION_MODE = wholemodule;
				VALIDATE_PRODUCT = YES;
			};
			name = Release;
		};
		1BFB768830086A1C00E24BB7 /* Debug */ = {
			isa = XCBuildConfiguration;
			buildSettings = {
				ASSETCATALOG_COMPILER_APPICON_NAME = AppIcon;
				ASSETCATALOG_COMPILER_GLOBAL_ACCENT_COLOR_NAME = AccentColor;
				CODE_SIGN_ENTITLEMENTS = Welleva/Welleva.entitlements;
				CODE_SIGN_IDENTITY = "Apple Development";
				CODE_SIGN_STYLE = Automatic;
				CURRENT_PROJECT_VERSION = 1;
				DEVELOPMENT_TEAM = 6H3336F8SK;
				ENABLE_PREVIEWS = YES;
				GENERATE_INFOPLIST_FILE = YES;
				INFOPLIST_KEY_UIApplicationSceneManifest_Generation = YES;
				INFOPLIST_KEY_UIApplicationSupportsIndirectInputEvents = YES;
				INFOPLIST_KEY_UILaunchScreen_Generation = YES;
				INFOPLIST_KEY_UISupportedInterfaceOrientations_iPad = "UIInterfaceOrientationPortrait UIInterfaceOrientationPortraitUpsideDown UIInterfaceOrientationLandscapeLeft UIInterfaceOrientationLandscapeRight";
				INFOPLIST_KEY_UISupportedInterfaceOrientations_iPhone = "UIInterfaceOrientationPortrait UIInterfaceOrientationLandscapeLeft UIInterfaceOrientationLandscapeRight";
				IPHONEOS_DEPLOYMENT_TARGET = 26.0;
				LD_RUNPATH_SEARCH_PATHS = (
					"$(inherited)",
					"@executable_path/Frameworks",
				);
				MARKETING_VERSION = 1.0;
				PRODUCT_BUNDLE_IDENTIFIER = com.OJASSAT.Welleva;
				PRODUCT_NAME = "$(TARGET_NAME)";
				PROVISIONING_PROFILE_SPECIFIER = "";
				STRING_CATALOG_GENERATE_SYMBOLS = YES;
				SWIFT_APPROACHABLE_CONCURRENCY = YES;
				SWIFT_DEFAULT_ACTOR_ISOLATION = MainActor;
				SWIFT_EMIT_LOC_STRINGS = YES;
				SWIFT_UPCOMING_FEATURE_MEMBER_IMPORT_VISIBILITY = YES;
				SWIFT_VERSION = 5.0;
				TARGETED_DEVICE_FAMILY = "1,2";
			};
			name = Debug;
		};
		1BFB768930086A1C00E24BB7 /* Release */ = {
			isa = XCBuildConfiguration;
			buildSettings = {
				ASSETCATALOG_COMPILER_APPICON_NAME = AppIcon;
				ASSETCATALOG_COMPILER_GLOBAL_ACCENT_COLOR_NAME = AccentColor;
				CODE_SIGN_ENTITLEMENTS = Welleva/Welleva.entitlements;
				CODE_SIGN_IDENTITY = "Apple Development";
				CODE_SIGN_STYLE = Automatic;
				CURRENT_PROJECT_VERSION = 1;
				DEVELOPMENT_TEAM = 6H3336F8SK;
				ENABLE_PREVIEWS = YES;
				GENERATE_INFOPLIST_FILE = YES;
				INFOPLIST_KEY_UIApplicationSceneManifest_Generation = YES;
				INFOPLIST_KEY_UIApplicationSupportsIndirectInputEvents = YES;
				INFOPLIST_KEY_UILaunchScreen_Generation = YES;
				INFOPLIST_KEY_UISupportedInterfaceOrientations_iPad = "UIInterfaceOrientationPortrait UIInterfaceOrientationPortraitUpsideDown UIInterfaceOrientationLandscapeLeft UIInterfaceOrientationLandscapeRight";
				INFOPLIST_KEY_UISupportedInterfaceOrientations_iPhone = "UIInterfaceOrientationPortrait UIInterfaceOrientationLandscapeLeft UIInterfaceOrientationLandscapeRight";
				IPHONEOS_DEPLOYMENT_TARGET = 26.0;
				LD_RUNPATH_SEARCH_PATHS = (
					"$(inherited)",
					"@executable_path/Frameworks",
				);
				MARKETING_VERSION = 1.0;
				PRODUCT_BUNDLE_IDENTIFIER = com.OJASSAT.Welleva;
				PRODUCT_NAME = "$(TARGET_NAME)";
				PROVISIONING_PROFILE_SPECIFIER = "";
				STRING_CATALOG_GENERATE_SYMBOLS = YES;
				SWIFT_APPROACHABLE_CONCURRENCY = YES;
				SWIFT_DEFAULT_ACTOR_ISOLATION = MainActor;
				SWIFT_EMIT_LOC_STRINGS = YES;
				SWIFT_UPCOMING_FEATURE_MEMBER_IMPORT_VISIBILITY = YES;
				SWIFT_VERSION = 5.0;
				TARGETED_DEVICE_FAMILY = "1,2";
			};
			name = Release;
		};
		1BFB77BC300F17B800E24BB7 /* Debug */ = {
			isa = XCBuildConfiguration;
			buildSettings = {
				ARCHS = "$(ARCHS_STANDARD_64_BIT)";
				CODE_SIGN_ENTITLEMENTS = WellevaCallDirectory/WellevaCallDirectory.entitlements;
				CODE_SIGN_IDENTITY = "Apple Development";
				CODE_SIGN_STYLE = Automatic;
				CURRENT_PROJECT_VERSION = 1;
				DEVELOPMENT_TEAM = 6H3336F8SK;
				GENERATE_INFOPLIST_FILE = YES;
				INFOPLIST_FILE = WellevaCallDirectory/Info.plist;
				INFOPLIST_KEY_CFBundleDisplayName = WellevaCallDirectory;
				INFOPLIST_KEY_NSHumanReadableCopyright = "";
				LD_RUNPATH_SEARCH_PATHS = (
					"$(inherited)",
					"@executable_path/Frameworks",
					"@executable_path/../../Frameworks",
				);
				MARKETING_VERSION = 1.0;
				PRODUCT_BUNDLE_IDENTIFIER = com.OJASSAT.Welleva.WellevaCallDirectory;
				PRODUCT_NAME = "$(TARGET_NAME)";
				SKIP_INSTALL = YES;
				STRING_CATALOG_GENERATE_SYMBOLS = YES;
				SWIFT_APPROACHABLE_CONCURRENCY = YES;
				SWIFT_EMIT_LOC_STRINGS = YES;
				SWIFT_UPCOMING_FEATURE_MEMBER_IMPORT_VISIBILITY = YES;
				SWIFT_VERSION = 5.0;
				TARGETED_DEVICE_FAMILY = "1,2";
			};
			name = Debug;
		};
		1BFB77BD300F17B800E24BB7 /* Release */ = {
			isa = XCBuildConfiguration;
			buildSettings = {
				ARCHS = "$(ARCHS_STANDARD_64_BIT)";
				CODE_SIGN_ENTITLEMENTS = WellevaCallDirectory/WellevaCallDirectory.entitlements;
				CODE_SIGN_IDENTITY = "Apple Development";
				CODE_SIGN_STYLE = Automatic;
				CURRENT_PROJECT_VERSION = 1;
				DEVELOPMENT_TEAM = 6H3336F8SK;
				GENERATE_INFOPLIST_FILE = YES;
				INFOPLIST_FILE = WellevaCallDirectory/Info.plist;
				INFOPLIST_KEY_CFBundleDisplayName = WellevaCallDirectory;
				INFOPLIST_KEY_NSHumanReadableCopyright = "";
				LD_RUNPATH_SEARCH_PATHS = (
					"$(inherited)",
					"@executable_path/Frameworks",
					"@executable_path/../../Frameworks",
				);
				MARKETING_VERSION = 1.0;
				PRODUCT_BUNDLE_IDENTIFIER = com.OJASSAT.Welleva.WellevaCallDirectory;
				PRODUCT_NAME = "$(TARGET_NAME)";
				SKIP_INSTALL = YES;
				STRING_CATALOG_GENERATE_SYMBOLS = YES;
				SWIFT_APPROACHABLE_CONCURRENCY = YES;
				SWIFT_EMIT_LOC_STRINGS = YES;
				SWIFT_UPCOMING_FEATURE_MEMBER_IMPORT_VISIBILITY = YES;
				SWIFT_VERSION = 5.0;
				TARGETED_DEVICE_FAMILY = "1,2";
			};
			name = Release;
		};
/* End XCBuildConfiguration section */

/* Begin XCConfigurationList section */
		1BFB767730086A1B00E24BB7 /* Build configuration list for PBXProject "Welleva" */ = {
			isa = XCConfigurationList;
			buildConfigurations = (
				1BFB768530086A1C00E24BB7 /* Debug */,
				1BFB768630086A1C00E24BB7 /* Release */,
			);
			defaultConfigurationIsVisible = 0;
			defaultConfigurationName = Release;
		};
		1BFB768730086A1C00E24BB7 /* Build configuration list for PBXNativeTarget "Welleva" */ = {
			isa = XCConfigurationList;
			buildConfigurations = (
				1BFB768830086A1C00E24BB7 /* Debug */,
				1BFB768930086A1C00E24BB7 /* Release */,
			);
			defaultConfigurationIsVisible = 0;
			defaultConfigurationName = Release;
		};
		1BFB77C1300F1EDD00E24BB7 /* Build configuration list for PBXNativeTarget "WellevaCallDirectory" */ = {
			isa = XCConfigurationList;
			buildConfigurations = (
				1BFB77BC300F17B800E24BB7 /* Debug */,
				1BFB77BD300F17B800E24BB7 /* Release */,
			);
			defaultConfigurationIsVisible = 0;
			defaultConfigurationName = Release;
		};
/* End XCConfigurationList section */

/* Begin XCRemoteSwiftPackageReference section */
		1BFB76FB300DCAAF00E24BB7 /* XCRemoteSwiftPackageReference "firebase-ios-sdk" */ = {
			isa = XCRemoteSwiftPackageReference;
			repositoryURL = "https://github.com/firebase/firebase-ios-sdk";
			requirement = {
				kind = upToNextMajorVersion;
				minimumVersion = 12.16.0;
			};
		};
/* End XCRemoteSwiftPackageReference section */

/* Begin XCSwiftPackageProductDependency section */
		1BFB76FC300DCAAF00E24BB7 /* FirebaseAI */ = {
			isa = XCSwiftPackageProductDependency;
			package = 1BFB76FB300DCAAF00E24BB7 /* XCRemoteSwiftPackageReference "firebase-ios-sdk" */;
			productName = FirebaseAI;
		};
		1BFB76FE300DCAAF00E24BB7 /* FirebaseAuth */ = {
			isa = XCSwiftPackageProductDependency;
			package = 1BFB76FB300DCAAF00E24BB7 /* XCRemoteSwiftPackageReference "firebase-ios-sdk" */;
			productName = FirebaseAuth;
		};
		1BFB7700300DCAAF00E24BB7 /* FirebaseCore */ = {
			isa = XCSwiftPackageProductDependency;
			package = 1BFB76FB300DCAAF00E24BB7 /* XCRemoteSwiftPackageReference "firebase-ios-sdk" */;
			productName = FirebaseCore;
		};
		1BFB7702300DCAAF00E24BB7 /* FirebaseFirestore */ = {
			isa = XCSwiftPackageProductDependency;
			package = 1BFB76FB300DCAAF00E24BB7 /* XCRemoteSwiftPackageReference "firebase-ios-sdk" */;
			productName = FirebaseFirestore;
		};
		1BFB7704300DCAAF00E24BB7 /* FirebaseFunctions */ = {
			isa = XCSwiftPackageProductDependency;
			package = 1BFB76FB300DCAAF00E24BB7 /* XCRemoteSwiftPackageReference "firebase-ios-sdk" */;
			productName = FirebaseFunctions;
		};
/* End XCSwiftPackageProductDependency section */
	};
	rootObject = 1BFB767430086A1B00E24BB7 /* Project object */;
}
